{
  "name": "test-project",
  "version": "1.0.0",
  "lockfileVersion": 2,
  "requires": true,
  "packages": {
    "": {
      "name": "test-project",
      "version": "1.0.0",
      "dependencies": {
        "package-a": "1.0.0",
        "package-b": "2.0.0",
        "package-c": "3.0.0",
        "package-d": "4.0.0",
        "package-e": "5.0.0",
        "package-f": "6.0.0",
        "package-g": "1.5.0",
        "package-h": "2.1.0"
      }
    },
    "node_modules/package-a": {
      "version": "1.0.0",
      "resolved": "https://registry.npmjs.org/package-a/-/package-a-1.0.0.tgz",
      "license": "MIT",
      "dependencies": {
        "package-b": "^2.0.0"
      }
    },
    "node_modules/package-b": {
      "version": "2.0.0",
      "resolved": "https://registry.npmjs.org/package-b/-/package-b-2.0.0.tgz",
      "license": "MIT",
      "dependencies": {
        "package-c": "^3.0.0"
      }
    },
    "node_modules/package-c": {
      "version": "3.0.0",
      "resolved": "https://registry.npmjs.org/package-c/-/package-c-3.0.0.tgz",
      "license": "MIT",
      "dependencies": {
        "package-a": "^1.0.0"
      }
    },
    "node_modules/package-d": {
      "version": "4.0.0",
      "resolved": "https://registry.npmjs.org/package-d/-/package-d-4.0.0.tgz",
      "license": "MIT"
    },
    "node_modules/package-e": {
      "version": "5.0.0",
      "resolved": "https://registry.npmjs.org/package-e/-/package-e-5.0.0.tgz",
      "license": "MIT"
    },
    "node_modules/package-f": {
      "version": "6.0.0",
      "resolved": "https://registry.npmjs.org/package-f/-/package-f-6.0.0.tgz",
      "license": "MIT"
    },
    "node_modules/package-g": {
      "version": "1.5.0",
      "resolved": "https://registry.npmjs.org/package-g/-/package-g-1.5.0.tgz",
      "license": "LGPL-2.1"
    },
    "node_modules/package-h": {
      "version": "2.1.0",
      "resolved": "https://registry.npmjs.org/package-h/-/package-h-2.1.0.tgz",
      "license": "MIT"
    }
  },
  "dependencies": {
    "package-a": {
      "version": "1.0.0",
      "resolved": "https://registry.npmjs.org/package-a/-/package-a-1.0.0.tgz",
      "license": "MIT",
      "requires": {
        "package-b": "^2.0.0"
      }
    },
    "package-b": {
      "version": "2.0.0",
      "resolved": "https://registry.npmjs.org/package-b/-/package-b-2.0.0.tgz",
      "license": "MIT",
      "requires": {
        "package-c": "^3.0.0"
      }
    },
    "package-c": {
      "version": "3.0.0",
      "resolved": "https://registry.npmjs.org/package-c/-/package-c-3.0.0.tgz",
      "license": "MIT",
      "requires": {
        "package-a": "^1.0.0"
      }
    },
    "package-d": {
      "version": "4.0.0",
      "resolved": "https://registry.npmjs.org/package-d/-/package-d-4.0.0.tgz",
      "license": "MIT"
    },
    "package-e": {
      "version": "5.0.0",
      "resolved": "https://registry.npmjs.org/package-e/-/package-e-5.0.0.tgz",
      "license": "MIT"
    },
    "package-f": {
      "version": "6.0.0",
      "resolved": "https://registry.npmjs.org/package-f/-/package-f-6.0.0.tgz",
      "license": "MIT"
    },
    "package-g": {
      "version": "1.5.0",
      "resolved": "https://registry.npmjs.org/package-g/-/package-g-1.5.0.tgz",
      "license": "LGPL-2.1"
    },
    "package-h": {
      "version": "2.1.0",
      "resolved": "https://registry.npmjs.org/package-h/-/package-h-2.1.0.tgz",
      "license": "MIT"
    }
  }
}
